
Microsoft Visual Studio Solution File, Format Version 12.00
# Visual Studio Version 16
VisualStudioVersion = 16.0.31129.286
MinimumVisualStudioVersion = 10.0.40219.1
Project("{FAE04EC0-301F-11D3-BF4B-00C04F79EFBC}") = "Commads-API", "Source/Commads-API.csproj", "{D4EFA000-6324-40EA-885D-49C1DE034A0C}"
EndProject
Global
	GlobalSection(SolutionConfigurationPlatforms) = preSolution
		Debug|Any CPU = Debug|Any CPU
		Release|Any CPU = Release|Any CPU
	EndGlobalSection
	GlobalSection(ProjectConfigurationPlatforms) = postSolution
		{D4EFA000-6324-40EA-885D-49C1DE034A0C}.Debug|Any CPU.ActiveCfg = Debug|Any CPU
		{D4EFA000-6324-40EA-885D-49C1DE034A0C}.Debug|Any CPU.Build.0 = Debug|Any CPU
		{D4EFA000-6324-40EA-885D-49C1DE034A0C}.Release|Any CPU.ActiveCfg = Release|Any CPU
		{D4EFA000-6324-40EA-885D-49C1DE034A0C}.Release|Any CPU.Build.0 = Release|Any CPU
	EndGlobalSection
	GlobalSection(SolutionProperties) = preSolution
		HideSolutionNode = FALSE
	EndGlobalSection
	GlobalSection(ExtensibilityGlobals) = postSolution
		SolutionGuid = {EE175F9E-8165-41C9-9DE5-FB8440CEFD8F}
	EndGlobalSection
EndGlobal
